
Microsoft Visual Studio Solution File, Format Version 12.00
# Visual Studio Version 17
VisualStudioVersion = 17.9.34728.123
MinimumVisualStudioVersion = 10.0.40219.1
Project("{FAE04EC0-301F-11D3-BF4B-00C04F79EFBC}") = "Catalog", "Catalog\Catalog.csproj", "{1AA20B60-239A-489B-8A73-D4871D92A2ED}"
EndProject
Project("{FAE04EC0-301F-11D3-BF4B-00C04F79EFBC}") = "CRM", "CRM\CRM.csproj", "{18E485F3-DEFD-4066-9FCC-568CFBCD160B}"
EndProject
Project("{FAE04EC0-301F-11D3-BF4B-00C04F79EFBC}") = "orderProcessing", "orderProcessing\orderProcessing.csproj", "{0C305BD9-C62D-43E7-8AC8-2B23FF2B5E7D}"
EndProject
Project("{FAE04EC0-301F-11D3-BF4B-00C04F79EFBC}") = "ECommerseTest", "ECommerseTest\ECommerseTest.csproj", "{0364EE0E-815E-489D-A426-A006611B10FB}"
EndProject
Project("{FAE04EC0-301F-11D3-BF4B-00C04F79EFBC}") = "EcommerceWeb", "EcommerceWeb\EcommerceWeb.csproj", "{871FD2D7-0694-4029-9954-2A4B24C37F60}"
EndProject
Project("{FAE04EC0-301F-11D3-BF4B-00C04F79EFBC}") = "Delegation", "Delegation\Delegation.csproj", "{DC922DB9-4AC3-4708-BBE8-76965F73946B}"
EndProject
Project("{FAE04EC0-301F-11D3-BF4B-00C04F79EFBC}") = "Banking", "Banking\Banking.csproj", "{CF552AB2-EDD1-4A8A-9980-D244DDA83A0E}"
EndProject
Project("{FAE04EC0-301F-11D3-BF4B-00C04F79EFBC}") = "Taxaction", "Taxaction\Taxaction.csproj", "{FB183B96-BC33-4DC7-9232-96266B2FD430}"
EndProject
Project("{FAE04EC0-301F-11D3-BF4B-00C04F79EFBC}") = "Penalty", "Penalty\Penalty.csproj", "{7E0F436D-E081-46AE-9D16-CF97B1508D53}"
EndProject
Project("{FAE04EC0-301F-11D3-BF4B-00C04F79EFBC}") = "Specifications", "Specifications\Specifications.csproj", "{EC696607-D114-44A2-B818-841FB0A6C579}"
EndProject
Project("{FAE04EC0-301F-11D3-BF4B-00C04F79EFBC}") = "ECommerseEntities", "POCOLib\ECommerseEntities.csproj", "{5A18C606-60AB-496A-8404-801339B81F61}"
EndProject
Project("{FAE04EC0-301F-11D3-BF4B-00C04F79EFBC}") = "BinaryDataRepositoryLib", "BinaryDataRepositoryLib\BinaryDataRepositoryLib.csproj", "{7892C4AD-9F8B-43A8-9C40-45BC55492E9B}"
EndProject
Project("{FAE04EC0-301F-11D3-BF4B-00C04F79EFBC}") = "eCommerseServices", "Services\eCommerseServices.csproj", "{935F4292-B569-4226-892C-97FDD6206385}"
EndProject
Project("{FAE04EC0-301F-11D3-BF4B-00C04F79EFBC}") = "SerializationTestApp", "SerializationTestApp\SerializationTestApp.csproj", "{320ED073-32B4-458E-8D12-4A77843124AF}"
EndProject
Project("{FAE04EC0-301F-11D3-BF4B-00C04F79EFBC}") = "CollectionDemoApp", "CollectionDemoApp\CollectionDemoApp.csproj", "{268B0E44-2D12-4FBD-A9D5-779F962E2CBE}"
EndProject
Project("{FAE04EC0-301F-11D3-BF4B-00C04F79EFBC}") = "MembershipTest", "MembershipTest\MembershipTest.csproj", "{5982CD6E-6034-4755-AC99-E32D314CB4CD}"
EndProject
Project("{FAE04EC0-301F-11D3-BF4B-00C04F79EFBC}") = "AuthWebAPI", "AuthWebAPI\AuthWebAPI.csproj", "{F18F748D-BB1C-41B8-9272-DA13CE8D9315}"
EndProject
Project("{FAE04EC0-301F-11D3-BF4B-00C04F79EFBC}") = "JsonDataRepository", "JsonDataRepository\JsonDataRepository.csproj", "{0A9387F2-384A-46B1-A689-2F9B6C7228E3}"
EndProject
Project("{2150E333-8FDC-42A3-9474-1A3956D46DE8}") = "Web", "Web", "{B67D5B49-E605-4990-8209-D0BAC75FCCA1}"
EndProject
Project("{2150E333-8FDC-42A3-9474-1A3956D46DE8}") = "Repositories", "Repositories", "{7DB31391-D0A4-4CB0-90AF-4D346A459445}"
EndProject
Project("{2150E333-8FDC-42A3-9474-1A3956D46DE8}") = "Tests", "Tests", "{789B9823-68DF-4ECA-A84B-355BF95FC737}"
EndProject
Project("{2150E333-8FDC-42A3-9474-1A3956D46DE8}") = "Features", "Features", "{CCA1F2A8-F71A-4C31-B283-4DA8FD0AF427}"
EndProject
Project("{2150E333-8FDC-42A3-9474-1A3956D46DE8}") = "Entities", "Entities", "{63DDE467-D4BC-4AC3-949E-3C065DEB27F1}"
EndProject
Project("{2150E333-8FDC-42A3-9474-1A3956D46DE8}") = "Interfaces", "Interfaces", "{B849B8DE-0295-4094-AB01-5E0A43D496EF}"
EndProject
Project("{2150E333-8FDC-42A3-9474-1A3956D46DE8}") = "Services", "Services", "{19DC2B99-208D-41B0-BEBE-BF6560F9D8B6}"
EndProject
Project("{2150E333-8FDC-42A3-9474-1A3956D46DE8}") = "Data", "Data", "{CB3BE914-D6D4-4C1D-972A-724A61A4E0C8}"
	ProjectSection(SolutionItems) = preProject
		AuthWebAPI\Views\credentials = AuthWebAPI\Views\credentials
		AuthWebAPI\Views\products = AuthWebAPI\Views\products
	EndProjectSection
EndProject
Project("{FAE04EC0-301F-11D3-BF4B-00C04F79EFBC}") = "BankingPortal", "BankingPortal\BankingPortal.csproj", "{ED6AD6D8-B8BB-47FA-9500-530B87CA4311}"
EndProject
Project("{FAE04EC0-301F-11D3-BF4B-00C04F79EFBC}") = "HDFCBankApp", "HDFCBankApp\HDFCBankApp.csproj", "{0CE8A129-247C-4C5F-A57B-5D8DF5A9A7E1}"
EndProject
Project("{FAE04EC0-301F-11D3-BF4B-00C04F79EFBC}") = "HRPortal", "HRPortal\HRPortal.csproj", "{247B2816-5953-4ADA-BD8E-8BD41D829C32}"
EndProject
Project("{FAE04EC0-301F-11D3-BF4B-00C04F79EFBC}") = "MultitaskingApp", "MultitaskingApp\MultitaskingApp.csproj", "{56ECDE65-4AAE-4CAC-960D-F5AE7B97955C}"
EndProject
Project("{FAE04EC0-301F-11D3-BF4B-00C04F79EFBC}") = "TaskApp", "TaskApp\TaskApp.csproj", "{0B6B2967-A425-455D-A033-FE427A870F43}"
EndProject
Project("{FAE04EC0-301F-11D3-BF4B-00C04F79EFBC}") = "GDIWnidowsApp", "GDIWnidowsApp\GDIWnidowsApp.csproj", "{69D02646-C4E6-48A9-BEB4-2E28750C7DEB}"
EndProject
Project("{FAE04EC0-301F-11D3-BF4B-00C04F79EFBC}") = "DBTestApp", "DBTestApp\DBTestApp.csproj", "{F660BCBA-DC02-4515-BC16-17656D7DA9A3}"
EndProject
Global
	GlobalSection(SolutionConfigurationPlatforms) = preSolution
		Debug|Any CPU = Debug|Any CPU
		Release|Any CPU = Release|Any CPU
	EndGlobalSection
	GlobalSection(ProjectConfigurationPlatforms) = postSolution
		{1AA20B60-239A-489B-8A73-D4871D92A2ED}.Debug|Any CPU.ActiveCfg = Debug|Any CPU
		{1AA20B60-239A-489B-8A73-D4871D92A2ED}.Debug|Any CPU.Build.0 = Debug|Any CPU
		{1AA20B60-239A-489B-8A73-D4871D92A2ED}.Release|Any CPU.ActiveCfg = Release|Any CPU
		{1AA20B60-239A-489B-8A73-D4871D92A2ED}.Release|Any CPU.Build.0 = Release|Any CPU
		{18E485F3-DEFD-4066-9FCC-568CFBCD160B}.Debug|Any CPU.ActiveCfg = Debug|Any CPU
		{18E485F3-DEFD-4066-9FCC-568CFBCD160B}.Debug|Any CPU.Build.0 = Debug|Any CPU
		{18E485F3-DEFD-4066-9FCC-568CFBCD160B}.Release|Any CPU.ActiveCfg = Release|Any CPU
		{18E485F3-DEFD-4066-9FCC-568CFBCD160B}.Release|Any CPU.Build.0 = Release|Any CPU
		{0C305BD9-C62D-43E7-8AC8-2B23FF2B5E7D}.Debug|Any CPU.ActiveCfg = Debug|Any CPU
		{0C305BD9-C62D-43E7-8AC8-2B23FF2B5E7D}.Debug|Any CPU.Build.0 = Debug|Any CPU
		{0C305BD9-C62D-43E7-8AC8-2B23FF2B5E7D}.Release|Any CPU.ActiveCfg = Release|Any CPU
		{0C305BD9-C62D-43E7-8AC8-2B23FF2B5E7D}.Release|Any CPU.Build.0 = Release|Any CPU
		{0364EE0E-815E-489D-A426-A006611B10FB}.Debug|Any CPU.ActiveCfg = Debug|Any CPU
		{0364EE0E-815E-489D-A426-A006611B10FB}.Debug|Any CPU.Build.0 = Debug|Any CPU
		{0364EE0E-815E-489D-A426-A006611B10FB}.Release|Any CPU.ActiveCfg = Release|Any CPU
		{0364EE0E-815E-489D-A426-A006611B10FB}.Release|Any CPU.Build.0 = Release|Any CPU
		{871FD2D7-0694-4029-9954-2A4B24C37F60}.Debug|Any CPU.ActiveCfg = Debug|Any CPU
		{871FD2D7-0694-4029-9954-2A4B24C37F60}.Debug|Any CPU.Build.0 = Debug|Any CPU
		{871FD2D7-0694-4029-9954-2A4B24C37F60}.Release|Any CPU.ActiveCfg = Release|Any CPU
		{871FD2D7-0694-4029-9954-2A4B24C37F60}.Release|Any CPU.Build.0 = Release|Any CPU
		{DC922DB9-4AC3-4708-BBE8-76965F73946B}.Debug|Any CPU.ActiveCfg = Debug|Any CPU
		{DC922DB9-4AC3-4708-BBE8-76965F73946B}.Debug|Any CPU.Build.0 = Debug|Any CPU
		{DC922DB9-4AC3-4708-BBE8-76965F73946B}.Release|Any CPU.ActiveCfg = Release|Any CPU
		{DC922DB9-4AC3-4708-BBE8-76965F73946B}.Release|Any CPU.Build.0 = Release|Any CPU
		{CF552AB2-EDD1-4A8A-9980-D244DDA83A0E}.Debug|Any CPU.ActiveCfg = Debug|Any CPU
		{CF552AB2-EDD1-4A8A-9980-D244DDA83A0E}.Debug|Any CPU.Build.0 = Debug|Any CPU
		{CF552AB2-EDD1-4A8A-9980-D244DDA83A0E}.Release|Any CPU.ActiveCfg = Release|Any CPU
		{CF552AB2-EDD1-4A8A-9980-D244DDA83A0E}.Release|Any CPU.Build.0 = Release|Any CPU
		{FB183B96-BC33-4DC7-9232-96266B2FD430}.Debug|Any CPU.ActiveCfg = Debug|Any CPU
		{FB183B96-BC33-4DC7-9232-96266B2FD430}.Debug|Any CPU.Build.0 = Debug|Any CPU
		{FB183B96-BC33-4DC7-9232-96266B2FD430}.Release|Any CPU.ActiveCfg = Release|Any CPU
		{FB183B96-BC33-4DC7-9232-96266B2FD430}.Release|Any CPU.Build.0 = Release|Any CPU
		{7E0F436D-E081-46AE-9D16-CF97B1508D53}.Debug|Any CPU.ActiveCfg = Debug|Any CPU
		{7E0F436D-E081-46AE-9D16-CF97B1508D53}.Debug|Any CPU.Build.0 = Debug|Any CPU
		{7E0F436D-E081-46AE-9D16-CF97B1508D53}.Release|Any CPU.ActiveCfg = Release|Any CPU
		{7E0F436D-E081-46AE-9D16-CF97B1508D53}.Release|Any CPU.Build.0 = Release|Any CPU
		{EC696607-D114-44A2-B818-841FB0A6C579}.Debug|Any CPU.ActiveCfg = Debug|Any CPU
		{EC696607-D114-44A2-B818-841FB0A6C579}.Debug|Any CPU.Build.0 = Debug|Any CPU
		{EC696607-D114-44A2-B818-841FB0A6C579}.Release|Any CPU.ActiveCfg = Release|Any CPU
		{EC696607-D114-44A2-B818-841FB0A6C579}.Release|Any CPU.Build.0 = Release|Any CPU
		{5A18C606-60AB-496A-8404-801339B81F61}.Debug|Any CPU.ActiveCfg = Debug|Any CPU
		{5A18C606-60AB-496A-8404-801339B81F61}.Debug|Any CPU.Build.0 = Debug|Any CPU
		{5A18C606-60AB-496A-8404-801339B81F61}.Release|Any CPU.ActiveCfg = Release|Any CPU
		{5A18C606-60AB-496A-8404-801339B81F61}.Release|Any CPU.Build.0 = Release|Any CPU
		{7892C4AD-9F8B-43A8-9C40-45BC55492E9B}.Debug|Any CPU.ActiveCfg = Debug|Any CPU
		{7892C4AD-9F8B-43A8-9C40-45BC55492E9B}.Debug|Any CPU.Build.0 = Debug|Any CPU
		{7892C4AD-9F8B-43A8-9C40-45BC55492E9B}.Release|Any CPU.ActiveCfg = Release|Any CPU
		{7892C4AD-9F8B-43A8-9C40-45BC55492E9B}.Release|Any CPU.Build.0 = Release|Any CPU
		{935F4292-B569-4226-892C-97FDD6206385}.Debug|Any CPU.ActiveCfg = Debug|Any CPU
		{935F4292-B569-4226-892C-97FDD6206385}.Debug|Any CPU.Build.0 = Debug|Any CPU
		{935F4292-B569-4226-892C-97FDD6206385}.Release|Any CPU.ActiveCfg = Release|Any CPU
		{935F4292-B569-4226-892C-97FDD6206385}.Release|Any CPU.Build.0 = Release|Any CPU
		{320ED073-32B4-458E-8D12-4A77843124AF}.Debug|Any CPU.ActiveCfg = Debug|Any CPU
		{320ED073-32B4-458E-8D12-4A77843124AF}.Debug|Any CPU.Build.0 = Debug|Any CPU
		{320ED073-32B4-458E-8D12-4A77843124AF}.Release|Any CPU.ActiveCfg = Release|Any CPU
		{320ED073-32B4-458E-8D12-4A77843124AF}.Release|Any CPU.Build.0 = Release|Any CPU
		{268B0E44-2D12-4FBD-A9D5-779F962E2CBE}.Debug|Any CPU.ActiveCfg = Debug|Any CPU
		{268B0E44-2D12-4FBD-A9D5-779F962E2CBE}.Debug|Any CPU.Build.0 = Debug|Any CPU
		{268B0E44-2D12-4FBD-A9D5-779F962E2CBE}.Release|Any CPU.ActiveCfg = Release|Any CPU
		{268B0E44-2D12-4FBD-A9D5-779F962E2CBE}.Release|Any CPU.Build.0 = Release|Any CPU
		{5982CD6E-6034-4755-AC99-E32D314CB4CD}.Debug|Any CPU.ActiveCfg = Debug|Any CPU
		{5982CD6E-6034-4755-AC99-E32D314CB4CD}.Debug|Any CPU.Build.0 = Debug|Any CPU
		{5982CD6E-6034-4755-AC99-E32D314CB4CD}.Release|Any CPU.ActiveCfg = Release|Any CPU
		{5982CD6E-6034-4755-AC99-E32D314CB4CD}.Release|Any CPU.Build.0 = Release|Any CPU
		{F18F748D-BB1C-41B8-9272-DA13CE8D9315}.Debug|Any CPU.ActiveCfg = Debug|Any CPU
		{F18F748D-BB1C-41B8-9272-DA13CE8D9315}.Debug|Any CPU.Build.0 = Debug|Any CPU
		{F18F748D-BB1C-41B8-9272-DA13CE8D9315}.Release|Any CPU.ActiveCfg = Release|Any CPU
		{F18F748D-BB1C-41B8-9272-DA13CE8D9315}.Release|Any CPU.Build.0 = Release|Any CPU
		{0A9387F2-384A-46B1-A689-2F9B6C7228E3}.Debug|Any CPU.ActiveCfg = Debug|Any CPU
		{0A9387F2-384A-46B1-A689-2F9B6C7228E3}.Debug|Any CPU.Build.0 = Debug|Any CPU
		{0A9387F2-384A-46B1-A689-2F9B6C7228E3}.Release|Any CPU.ActiveCfg = Release|Any CPU
		{0A9387F2-384A-46B1-A689-2F9B6C7228E3}.Release|Any CPU.Build.0 = Release|Any CPU
		{ED6AD6D8-B8BB-47FA-9500-530B87CA4311}.Debug|Any CPU.ActiveCfg = Debug|Any CPU
		{ED6AD6D8-B8BB-47FA-9500-530B87CA4311}.Debug|Any CPU.Build.0 = Debug|Any CPU
		{ED6AD6D8-B8BB-47FA-9500-530B87CA4311}.Release|Any CPU.ActiveCfg = Release|Any CPU
		{ED6AD6D8-B8BB-47FA-9500-530B87CA4311}.Release|Any CPU.Build.0 = Release|Any CPU
		{0CE8A129-247C-4C5F-A57B-5D8DF5A9A7E1}.Debug|Any CPU.ActiveCfg = Debug|Any CPU
		{0CE8A129-247C-4C5F-A57B-5D8DF5A9A7E1}.Debug|Any CPU.Build.0 = Debug|Any CPU
		{0CE8A129-247C-4C5F-A57B-5D8DF5A9A7E1}.Release|Any CPU.ActiveCfg = Release|Any CPU
		{0CE8A129-247C-4C5F-A57B-5D8DF5A9A7E1}.Release|Any CPU.Build.0 = Release|Any CPU
		{247B2816-5953-4ADA-BD8E-8BD41D829C32}.Debug|Any CPU.ActiveCfg = Debug|Any CPU
		{247B2816-5953-4ADA-BD8E-8BD41D829C32}.Debug|Any CPU.Build.0 = Debug|Any CPU
		{247B2816-5953-4ADA-BD8E-8BD41D829C32}.Release|Any CPU.ActiveCfg = Release|Any CPU
		{247B2816-5953-4ADA-BD8E-8BD41D829C32}.Release|Any CPU.Build.0 = Release|Any CPU
		{56ECDE65-4AAE-4CAC-960D-F5AE7B97955C}.Debug|Any CPU.ActiveCfg = Debug|Any CPU
		{56ECDE65-4AAE-4CAC-960D-F5AE7B97955C}.Debug|Any CPU.Build.0 = Debug|Any CPU
		{56ECDE65-4AAE-4CAC-960D-F5AE7B97955C}.Release|Any CPU.ActiveCfg = Release|Any CPU
		{56ECDE65-4AAE-4CAC-960D-F5AE7B97955C}.Release|Any CPU.Build.0 = Release|Any CPU
		{0B6B2967-A425-455D-A033-FE427A870F43}.Debug|Any CPU.ActiveCfg = Debug|Any CPU
		{0B6B2967-A425-455D-A033-FE427A870F43}.Debug|Any CPU.Build.0 = Debug|Any CPU
		{0B6B2967-A425-455D-A033-FE427A870F43}.Release|Any CPU.ActiveCfg = Release|Any CPU
		{0B6B2967-A425-455D-A033-FE427A870F43}.Release|Any CPU.Build.0 = Release|Any CPU
		{69D02646-C4E6-48A9-BEB4-2E28750C7DEB}.Debug|Any CPU.ActiveCfg = Debug|Any CPU
		{69D02646-C4E6-48A9-BEB4-2E28750C7DEB}.Debug|Any CPU.Build.0 = Debug|Any CPU
		{69D02646-C4E6-48A9-BEB4-2E28750C7DEB}.Release|Any CPU.ActiveCfg = Release|Any CPU
		{69D02646-C4E6-48A9-BEB4-2E28750C7DEB}.Release|Any CPU.Build.0 = Release|Any CPU
		{F660BCBA-DC02-4515-BC16-17656D7DA9A3}.Debug|Any CPU.ActiveCfg = Debug|Any CPU
		{F660BCBA-DC02-4515-BC16-17656D7DA9A3}.Debug|Any CPU.Build.0 = Debug|Any CPU
		{F660BCBA-DC02-4515-BC16-17656D7DA9A3}.Release|Any CPU.ActiveCfg = Release|Any CPU
		{F660BCBA-DC02-4515-BC16-17656D7DA9A3}.Release|Any CPU.Build.0 = Release|Any CPU
	EndGlobalSection
	GlobalSection(SolutionProperties) = preSolution
		HideSolutionNode = FALSE
	EndGlobalSection
	GlobalSection(NestedProjects) = preSolution
		{1AA20B60-239A-489B-8A73-D4871D92A2ED} = {CCA1F2A8-F71A-4C31-B283-4DA8FD0AF427}
		{18E485F3-DEFD-4066-9FCC-568CFBCD160B} = {CCA1F2A8-F71A-4C31-B283-4DA8FD0AF427}
		{0C305BD9-C62D-43E7-8AC8-2B23FF2B5E7D} = {CCA1F2A8-F71A-4C31-B283-4DA8FD0AF427}
		{0364EE0E-815E-489D-A426-A006611B10FB} = {789B9823-68DF-4ECA-A84B-355BF95FC737}
		{871FD2D7-0694-4029-9954-2A4B24C37F60} = {B67D5B49-E605-4990-8209-D0BAC75FCCA1}
		{DC922DB9-4AC3-4708-BBE8-76965F73946B} = {CCA1F2A8-F71A-4C31-B283-4DA8FD0AF427}
		{CF552AB2-EDD1-4A8A-9980-D244DDA83A0E} = {CCA1F2A8-F71A-4C31-B283-4DA8FD0AF427}
		{FB183B96-BC33-4DC7-9232-96266B2FD430} = {CCA1F2A8-F71A-4C31-B283-4DA8FD0AF427}
		{7E0F436D-E081-46AE-9D16-CF97B1508D53} = {CCA1F2A8-F71A-4C31-B283-4DA8FD0AF427}
		{EC696607-D114-44A2-B818-841FB0A6C579} = {B849B8DE-0295-4094-AB01-5E0A43D496EF}
		{5A18C606-60AB-496A-8404-801339B81F61} = {63DDE467-D4BC-4AC3-949E-3C065DEB27F1}
		{7892C4AD-9F8B-43A8-9C40-45BC55492E9B} = {7DB31391-D0A4-4CB0-90AF-4D346A459445}
		{935F4292-B569-4226-892C-97FDD6206385} = {19DC2B99-208D-41B0-BEBE-BF6560F9D8B6}
		{320ED073-32B4-458E-8D12-4A77843124AF} = {789B9823-68DF-4ECA-A84B-355BF95FC737}
		{268B0E44-2D12-4FBD-A9D5-779F962E2CBE} = {789B9823-68DF-4ECA-A84B-355BF95FC737}
		{5982CD6E-6034-4755-AC99-E32D314CB4CD} = {789B9823-68DF-4ECA-A84B-355BF95FC737}
		{F18F748D-BB1C-41B8-9272-DA13CE8D9315} = {B67D5B49-E605-4990-8209-D0BAC75FCCA1}
		{0A9387F2-384A-46B1-A689-2F9B6C7228E3} = {7DB31391-D0A4-4CB0-90AF-4D346A459445}
		{ED6AD6D8-B8BB-47FA-9500-530B87CA4311} = {B67D5B49-E605-4990-8209-D0BAC75FCCA1}
		{0CE8A129-247C-4C5F-A57B-5D8DF5A9A7E1} = {B67D5B49-E605-4990-8209-D0BAC75FCCA1}
		{247B2816-5953-4ADA-BD8E-8BD41D829C32} = {B67D5B49-E605-4990-8209-D0BAC75FCCA1}
		{56ECDE65-4AAE-4CAC-960D-F5AE7B97955C} = {789B9823-68DF-4ECA-A84B-355BF95FC737}
		{0B6B2967-A425-455D-A033-FE427A870F43} = {789B9823-68DF-4ECA-A84B-355BF95FC737}
		{69D02646-C4E6-48A9-BEB4-2E28750C7DEB} = {789B9823-68DF-4ECA-A84B-355BF95FC737}
		{F660BCBA-DC02-4515-BC16-17656D7DA9A3} = {789B9823-68DF-4ECA-A84B-355BF95FC737}
	EndGlobalSection
	GlobalSection(ExtensibilityGlobals) = postSolution
		SolutionGuid = {08DBC52F-8E5E-43E5-89D2-EE8326C48F15}
	EndGlobalSection
EndGlobal
